
Microsoft Visual Studio Solution File, Format Version 12.00
# Visual Studio Version 17
VisualStudioVersion = 17.8.34511.84
MinimumVisualStudioVersion = 10.0.40219.1
Project("{9A19103F-16F7-4668-BE54-9A1E7A4F7556}") = "BulkyWeb", "BulkyWeb\BulkyWeb.csproj", "{AEC0B746-CECC-4EFC-AD69-B512EBFD15E3}"
EndProject
Project("{FAE04EC0-301F-11D3-BF4B-00C04F79EFBC}") = "Bulky.DataAccess", "Bulky.DataAccess\Bulky.DataAccess.csproj", "{36E4653A-2B13-4154-AE6F-97C9F8D09FE5}"
EndProject
Project("{FAE04EC0-301F-11D3-BF4B-00C04F79EFBC}") = "Bulky.Models", "Bulky.Models\Bulky.Models.csproj", "{63F9998B-6AFA-47EE-8D02-712564BBDFE0}"
EndProject
Project("{FAE04EC0-301F-11D3-BF4B-00C04F79EFBC}") = "Bulky.Utility", "Bulky.Utility\Bulky.Utility.csproj", "{BC3E94BB-A551-44EC-942E-463571D47487}"
EndProject
Global
	GlobalSection(SolutionConfigurationPlatforms) = preSolution
		Debug|Any CPU = Debug|Any CPU
		Release|Any CPU = Release|Any CPU
	EndGlobalSection
	GlobalSection(ProjectConfigurationPlatforms) = postSolution
		{AEC0B746-CECC-4EFC-AD69-B512EBFD15E3}.Debug|Any CPU.ActiveCfg = Debug|Any CPU
		{AEC0B746-CECC-4EFC-AD69-B512EBFD15E3}.Debug|Any CPU.Build.0 = Debug|Any CPU
		{AEC0B746-CECC-4EFC-AD69-B512EBFD15E3}.Release|Any CPU.ActiveCfg = Release|Any CPU
		{AEC0B746-CECC-4EFC-AD69-B512EBFD15E3}.Release|Any CPU.Build.0 = Release|Any CPU
		{36E4653A-2B13-4154-AE6F-97C9F8D09FE5}.Debug|Any CPU.ActiveCfg = Debug|Any CPU
		{36E4653A-2B13-4154-AE6F-97C9F8D09FE5}.Debug|Any CPU.Build.0 = Debug|Any CPU
		{36E4653A-2B13-4154-AE6F-97C9F8D09FE5}.Release|Any CPU.ActiveCfg = Release|Any CPU
		{36E4653A-2B13-4154-AE6F-97C9F8D09FE5}.Release|Any CPU.Build.0 = Release|Any CPU
		{63F9998B-6AFA-47EE-8D02-712564BBDFE0}.Debug|Any CPU.ActiveCfg = Debug|Any CPU
		{63F9998B-6AFA-47EE-8D02-712564BBDFE0}.Debug|Any CPU.Build.0 = Debug|Any CPU
		{63F9998B-6AFA-47EE-8D02-712564BBDFE0}.Release|Any CPU.ActiveCfg = Release|Any CPU
		{63F9998B-6AFA-47EE-8D02-712564BBDFE0}.Release|Any CPU.Build.0 = Release|Any CPU
		{BC3E94BB-A551-44EC-942E-463571D47487}.Debug|Any CPU.ActiveCfg = Debug|Any CPU
		{BC3E94BB-A551-44EC-942E-463571D47487}.Debug|Any CPU.Build.0 = Debug|Any CPU
		{BC3E94BB-A551-44EC-942E-463571D47487}.Release|Any CPU.ActiveCfg = Release|Any CPU
		{BC3E94BB-A551-44EC-942E-463571D47487}.Release|Any CPU.Build.0 = Release|Any CPU
	EndGlobalSection
	GlobalSection(SolutionProperties) = preSolution
		HideSolutionNode = FALSE
	EndGlobalSection
	GlobalSection(ExtensibilityGlobals) = postSolution
		SolutionGuid = {D7E10270-F24D-40C9-808B-DEFA41CF127E}
	EndGlobalSection
EndGlobal
